
Microsoft Visual Studio Solution File, Format Version 12.00
# Visual Studio 15
VisualStudioVersion = 15.0.28307.136
MinimumVisualStudioVersion = 10.0.40219.1
Project("{888888A0-9F3D-457C-B088-3A5042F75D52}") = "Izuna_Entity_Linking", "Izuna_Entity_Linking\Izuna_Entity_Linking.pyproj", "{EA8E461C-1D22-4451-BB2A-293672948F3B}"
EndProject
Global
	GlobalSection(SolutionConfigurationPlatforms) = preSolution
		Debug|Any CPU = Debug|Any CPU
		Release|Any CPU = Release|Any CPU
	EndGlobalSection
	GlobalSection(ProjectConfigurationPlatforms) = postSolution
		{EA8E461C-1D22-4451-BB2A-293672948F3B}.Debug|Any CPU.ActiveCfg = Debug|Any CPU
		{EA8E461C-1D22-4451-BB2A-293672948F3B}.Release|Any CPU.ActiveCfg = Release|Any CPU
	EndGlobalSection
	GlobalSection(SolutionProperties) = preSolution
		HideSolutionNode = FALSE
	EndGlobalSection
	GlobalSection(ExtensibilityGlobals) = postSolution
		SolutionGuid = {C9AE58B5-36EC-4BC3-A2C7-A8D87C01CA26}
	EndGlobalSection
EndGlobal
